// !$*UTF8*$!
{
	archiveVersion = 1;
	classes = {
	};
	objectVersion = 50;
	objects = {

/* Begin PBXBuildFile section */
		6109AC562774E6DA0056D433 /* SongViewModel.swift in Sources */ = {isa = PBXBuildFile; fileRef = 6109AC542774E6DA0056D433 /* SongViewModel.swift */; };
		6109AC572774E6DA0056D433 /* SongListViewModel.swift in Sources */ = {isa = PBXBuildFile; fileRef = 6109AC552774E6DA0056D433 /* SongListViewModel.swift */; };
		6109AC602774E7D10056D433 /* TagLibWrapper.mm in Sources */ = {isa = PBXBuildFile; fileRef = 6109AC5E2774E7D10056D433 /* TagLibWrapper.mm */; };
		61122846259ECEDD00681ED5 /* TestHelpers.swift in Sources */ = {isa = PBXBuildFile; fileRef = 61122845259ECEDD00681ED5 /* TestHelpers.swift */; };
		6112284A259ECFAB00681ED5 /* FourierTransform.swift in Sources */ = {isa = PBXBuildFile; fileRef = 61122849259ECFAB00681ED5 /* FourierTransform.swift */; };
		61122852259FCE0100681ED5 /* ChromaTransform.swift in Sources */ = {isa = PBXBuildFile; fileRef = 61122851259FCE0100681ED5 /* ChromaTransform.swift */; };
		61122856259FCEB600681ED5 /* Constants.swift in Sources */ = {isa = PBXBuildFile; fileRef = 61122855259FCEB600681ED5 /* Constants.swift */; };
		6112285E259FDF7400681ED5 /* ToneProfile.swift in Sources */ = {isa = PBXBuildFile; fileRef = 6112285D259FDF7400681ED5 /* ToneProfile.swift */; };
		61157F4F259D54FD00D953D9 /* AppDelegate.swift in Sources */ = {isa = PBXBuildFile; fileRef = 61157F4E259D54FD00D953D9 /* AppDelegate.swift */; };
		61157F51259D54FD00D953D9 /* ContentView.swift in Sources */ = {isa = PBXBuildFile; fileRef = 61157F50259D54FD00D953D9 /* ContentView.swift */; };
		61157F53259D54FE00D953D9 /* Assets.xcassets in Resources */ = {isa = PBXBuildFile; fileRef = 61157F52259D54FE00D953D9 /* Assets.xcassets */; };
		61157F59259D54FE00D953D9 /* Main.storyboard in Resources */ = {isa = PBXBuildFile; fileRef = 61157F57259D54FE00D953D9 /* Main.storyboard */; };
		61157F65259D54FE00D953D9 /* FourierTransformerTests.swift in Sources */ = {isa = PBXBuildFile; fileRef = 61157F64259D54FE00D953D9 /* FourierTransformerTests.swift */; };
		6116B0362773F4250042B65F /* SongListView.swift in Sources */ = {isa = PBXBuildFile; fileRef = 6116B0352773F4250042B65F /* SongListView.swift */; };
		614B6BBE25C7492B00655B73 /* PreferencesView.swift in Sources */ = {isa = PBXBuildFile; fileRef = 614B6BBD25C7492B00655B73 /* PreferencesView.swift */; };
		6185A63A25D9F7C800AC4152 /* Preferences.swift in Sources */ = {isa = PBXBuildFile; fileRef = 6185A63925D9F7C800AC4152 /* Preferences.swift */; };
		6190957A277E46B10035B05C /* SongViewModel+Differentiable.swift in Sources */ = {isa = PBXBuildFile; fileRef = 61909579277E46B10035B05C /* SongViewModel+Differentiable.swift */; };
		61909583277E491D0035B05C /* DifferenceKit.framework in Frameworks */ = {isa = PBXBuildFile; fileRef = 61909581277E491C0035B05C /* DifferenceKit.framework */; };
		61909584277E491D0035B05C /* TagLib.framework in Frameworks */ = {isa = PBXBuildFile; fileRef = 61909582277E491D0035B05C /* TagLib.framework */; };
		61909585277E49370035B05C /* DifferenceKit.framework in Embed Frameworks */ = {isa = PBXBuildFile; fileRef = 61909581277E491C0035B05C /* DifferenceKit.framework */; settings = {ATTRIBUTES = (CodeSignOnCopy, RemoveHeadersOnCopy, ); }; };
		61909586277E49370035B05C /* TagLib.framework in Embed Frameworks */ = {isa = PBXBuildFile; fileRef = 61909582277E491D0035B05C /* TagLib.framework */; settings = {ATTRIBUTES = (CodeSignOnCopy, RemoveHeadersOnCopy, ); }; };
		61A0244525A17A2E0082C4C3 /* Tagger.swift in Sources */ = {isa = PBXBuildFile; fileRef = 61A0244425A17A2E0082C4C3 /* Tagger.swift */; };
		61A21213277B88B100395680 /* ScrollingTableView.swift in Sources */ = {isa = PBXBuildFile; fileRef = 61A21212277B88B100395680 /* ScrollingTableView.swift */; };
		61A21215277B897D00395680 /* TableViewController.swift in Sources */ = {isa = PBXBuildFile; fileRef = 61A21214277B897D00395680 /* TableViewController.swift */; };
		61A21217277B8D3800395680 /* WrappedTableViewController.swift in Sources */ = {isa = PBXBuildFile; fileRef = 61A21216277B8D3800395680 /* WrappedTableViewController.swift */; };
		61A21219277BE42D00395680 /* EnumElementIndex.swift in Sources */ = {isa = PBXBuildFile; fileRef = 61A21218277BE42D00395680 /* EnumElementIndex.swift */; };
		61A2121C277CFCFF00395680 /* ResourcePool.swift in Sources */ = {isa = PBXBuildFile; fileRef = 61A2121B277CFCFF00395680 /* ResourcePool.swift */; };
		61A2121E277CFE5500395680 /* Singleton.swift in Sources */ = {isa = PBXBuildFile; fileRef = 61A2121D277CFE5500395680 /* Singleton.swift */; };
		61A6868525A12F7000056181 /* Decoder.swift in Sources */ = {isa = PBXBuildFile; fileRef = 61A6868425A12F7000056181 /* Decoder.swift */; };
		61A6868925A1328E00056181 /* Toolbox.swift in Sources */ = {isa = PBXBuildFile; fileRef = 61A6868825A1328E00056181 /* Toolbox.swift */; };
		61A6868F25A1369F00056181 /* SpectrumAnalyser.swift in Sources */ = {isa = PBXBuildFile; fileRef = 61A6868E25A1369F00056181 /* SpectrumAnalyser.swift */; };
		61A6869325A137B300056181 /* Classifier.swift in Sources */ = {isa = PBXBuildFile; fileRef = 61A6869225A137B300056181 /* Classifier.swift */; };
		61DAA14A25AA90F500512FE9 /* Droppable.swift in Sources */ = {isa = PBXBuildFile; fileRef = 61DAA14925AA90F500512FE9 /* Droppable.swift */; };
/* End PBXBuildFile section */

/* Begin PBXContainerItemProxy section */
		61157F61259D54FE00D953D9 /* PBXContainerItemProxy */ = {
			isa = PBXContainerItemProxy;
			containerPortal = 61157F43259D54FD00D953D9 /* Project object */;
			proxyType = 1;
			remoteGlobalIDString = 61157F4A259D54FD00D953D9;
			remoteInfo = KeyFinderNative;
		};
/* End PBXContainerItemProxy section */

/* Begin PBXCopyFilesBuildPhase section */
		6109AC5B2774E78D0056D433 /* Embed Frameworks */ = {
			isa = PBXCopyFilesBuildPhase;
			buildActionMask = 2147483647;
			dstPath = "";
			dstSubfolderSpec = 10;
			files = (
				61909585277E49370035B05C /* DifferenceKit.framework in Embed Frameworks */,
				61909586277E49370035B05C /* TagLib.framework in Embed Frameworks */,
			);
			name = "Embed Frameworks";
			runOnlyForDeploymentPostprocessing = 0;
		};
/* End PBXCopyFilesBuildPhase section */

/* Begin PBXFileReference section */
		6109AC542774E6DA0056D433 /* SongViewModel.swift */ = {isa = PBXFileReference; fileEncoding = 4; lastKnownFileType = sourcecode.swift; path = SongViewModel.swift; sourceTree = "<group>"; };
		6109AC552774E6DA0056D433 /* SongListViewModel.swift */ = {isa = PBXFileReference; fileEncoding = 4; lastKnownFileType = sourcecode.swift; path = SongListViewModel.swift; sourceTree = "<group>"; };
		6109AC5D2774E7D10056D433 /* TagLibWrapper.h */ = {isa = PBXFileReference; fileEncoding = 4; lastKnownFileType = sourcecode.c.h; path = TagLibWrapper.h; sourceTree = "<group>"; };
		6109AC5E2774E7D10056D433 /* TagLibWrapper.mm */ = {isa = PBXFileReference; fileEncoding = 4; lastKnownFileType = sourcecode.cpp.objcpp; path = TagLibWrapper.mm; sourceTree = "<group>"; };
		61122845259ECEDD00681ED5 /* TestHelpers.swift */ = {isa = PBXFileReference; lastKnownFileType = sourcecode.swift; path = TestHelpers.swift; sourceTree = "<group>"; };
		61122849259ECFAB00681ED5 /* FourierTransform.swift */ = {isa = PBXFileReference; lastKnownFileType = sourcecode.swift; path = FourierTransform.swift; sourceTree = "<group>"; };
		61122851259FCE0100681ED5 /* ChromaTransform.swift */ = {isa = PBXFileReference; lastKnownFileType = sourcecode.swift; path = ChromaTransform.swift; sourceTree = "<group>"; };
		61122855259FCEB600681ED5 /* Constants.swift */ = {isa = PBXFileReference; lastKnownFileType = sourcecode.swift; path = Constants.swift; sourceTree = "<group>"; };
		6112285D259FDF7400681ED5 /* ToneProfile.swift */ = {isa = PBXFileReference; lastKnownFileType = sourcecode.swift; path = ToneProfile.swift; sourceTree = "<group>"; };
		61157F4B259D54FD00D953D9 /* KeyFinder.app */ = {isa = PBXFileReference; explicitFileType = wrapper.application; includeInIndex = 0; path = KeyFinder.app; sourceTree = BUILT_PRODUCTS_DIR; };
		61157F4E259D54FD00D953D9 /* AppDelegate.swift */ = {isa = PBXFileReference; lastKnownFileType = sourcecode.swift; path = AppDelegate.swift; sourceTree = "<group>"; };
		61157F50259D54FD00D953D9 /* ContentView.swift */ = {isa = PBXFileReference; lastKnownFileType = sourcecode.swift; path = ContentView.swift; sourceTree = "<group>"; };
		61157F52259D54FE00D953D9 /* Assets.xcassets */ = {isa = PBXFileReference; lastKnownFileType = folder.assetcatalog; path = Assets.xcassets; sourceTree = "<group>"; };
		61157F58259D54FE00D953D9 /* Base */ = {isa = PBXFileReference; lastKnownFileType = file.storyboard; name = Base; path = Base.lproj/Main.storyboard; sourceTree = "<group>"; };
		61157F5A259D54FE00D953D9 /* Info.plist */ = {isa = PBXFileReference; lastKnownFileType = text.plist.xml; path = Info.plist; sourceTree = "<group>"; };
		61157F5B259D54FE00D953D9 /* KeyFinderNative.entitlements */ = {isa = PBXFileReference; lastKnownFileType = text.plist.entitlements; path = KeyFinderNative.entitlements; sourceTree = "<group>"; };
		61157F60259D54FE00D953D9 /* KeyFinderNativeTests.xctest */ = {isa = PBXFileReference; explicitFileType = wrapper.cfbundle; includeInIndex = 0; path = KeyFinderNativeTests.xctest; sourceTree = BUILT_PRODUCTS_DIR; };
		61157F64259D54FE00D953D9 /* FourierTransformerTests.swift */ = {isa = PBXFileReference; lastKnownFileType = sourcecode.swift; path = FourierTransformerTests.swift; sourceTree = "<group>"; };
		61157F66259D54FE00D953D9 /* Info.plist */ = {isa = PBXFileReference; lastKnownFileType = text.plist.xml; path = Info.plist; sourceTree = "<group>"; };
		6116B0352773F4250042B65F /* SongListView.swift */ = {isa = PBXFileReference; lastKnownFileType = sourcecode.swift; path = SongListView.swift; sourceTree = "<group>"; };
		614B6BBD25C7492B00655B73 /* PreferencesView.swift */ = {isa = PBXFileReference; lastKnownFileType = sourcecode.swift; path = PreferencesView.swift; sourceTree = "<group>"; };
		6185A63925D9F7C800AC4152 /* Preferences.swift */ = {isa = PBXFileReference; lastKnownFileType = sourcecode.swift; path = Preferences.swift; sourceTree = "<group>"; };
		61909579277E46B10035B05C /* SongViewModel+Differentiable.swift */ = {isa = PBXFileReference; lastKnownFileType = sourcecode.swift; path = "SongViewModel+Differentiable.swift"; sourceTree = "<group>"; };
		61909581277E491C0035B05C /* DifferenceKit.framework */ = {isa = PBXFileReference; lastKnownFileType = wrapper.framework; name = DifferenceKit.framework; path = Carthage/Build/Mac/DifferenceKit.framework; sourceTree = "<group>"; };
		61909582277E491D0035B05C /* TagLib.framework */ = {isa = PBXFileReference; lastKnownFileType = wrapper.framework; name = TagLib.framework; path = Carthage/Build/Mac/TagLib.framework; sourceTree = "<group>"; };
		619E9B2F2773A9D3004A7233 /* KeyFinderNative-Bridging-Header.h */ = {isa = PBXFileReference; lastKnownFileType = sourcecode.c.h; path = "KeyFinderNative-Bridging-Header.h"; sourceTree = "<group>"; };
		61A0244425A17A2E0082C4C3 /* Tagger.swift */ = {isa = PBXFileReference; lastKnownFileType = sourcecode.swift; path = Tagger.swift; sourceTree = "<group>"; };
		61A21212277B88B100395680 /* ScrollingTableView.swift */ = {isa = PBXFileReference; lastKnownFileType = sourcecode.swift; path = ScrollingTableView.swift; sourceTree = "<group>"; };
		61A21214277B897D00395680 /* TableViewController.swift */ = {isa = PBXFileReference; lastKnownFileType = sourcecode.swift; path = TableViewController.swift; sourceTree = "<group>"; };
		61A21216277B8D3800395680 /* WrappedTableViewController.swift */ = {isa = PBXFileReference; lastKnownFileType = sourcecode.swift; path = WrappedTableViewController.swift; sourceTree = "<group>"; };
		61A21218277BE42D00395680 /* EnumElementIndex.swift */ = {isa = PBXFileReference; lastKnownFileType = sourcecode.swift; path = EnumElementIndex.swift; sourceTree = "<group>"; };
		61A2121B277CFCFF00395680 /* ResourcePool.swift */ = {isa = PBXFileReference; lastKnownFileType = sourcecode.swift; path = ResourcePool.swift; sourceTree = "<group>"; };
		61A2121D277CFE5500395680 /* Singleton.swift */ = {isa = PBXFileReference; lastKnownFileType = sourcecode.swift; path = Singleton.swift; sourceTree = "<group>"; };
		61A6868425A12F7000056181 /* Decoder.swift */ = {isa = PBXFileReference; lastKnownFileType = sourcecode.swift; path = Decoder.swift; sourceTree = "<group>"; };
		61A6868825A1328E00056181 /* Toolbox.swift */ = {isa = PBXFileReference; lastKnownFileType = sourcecode.swift; path = Toolbox.swift; sourceTree = "<group>"; };
		61A6868E25A1369F00056181 /* SpectrumAnalyser.swift */ = {isa = PBXFileReference; lastKnownFileType = sourcecode.swift; path = SpectrumAnalyser.swift; sourceTree = "<group>"; };
		61A6869225A137B300056181 /* Classifier.swift */ = {isa = PBXFileReference; lastKnownFileType = sourcecode.swift; path = Classifier.swift; sourceTree = "<group>"; };
		61DAA14925AA90F500512FE9 /* Droppable.swift */ = {isa = PBXFileReference; lastKnownFileType = sourcecode.swift; path = Droppable.swift; sourceTree = "<group>"; };
/* End PBXFileReference section */

/* Begin PBXFrameworksBuildPhase section */
		61157F48259D54FD00D953D9 /* Frameworks */ = {
			isa = PBXFrameworksBuildPhase;
			buildActionMask = 2147483647;
			files = (
				61909583277E491D0035B05C /* DifferenceKit.framework in Frameworks */,
				61909584277E491D0035B05C /* TagLib.framework in Frameworks */,
			);
			runOnlyForDeploymentPostprocessing = 0;
		};
		61157F5D259D54FE00D953D9 /* Frameworks */ = {
			isa = PBXFrameworksBuildPhase;
			buildActionMask = 2147483647;
			files = (
			);
			runOnlyForDeploymentPostprocessing = 0;
		};
/* End PBXFrameworksBuildPhase section */

/* Begin PBXGroup section */
		6109AC582774E78D0056D433 /* Frameworks */ = {
			isa = PBXGroup;
			children = (
				61909581277E491C0035B05C /* DifferenceKit.framework */,
				61909582277E491D0035B05C /* TagLib.framework */,
			);
			name = Frameworks;
			sourceTree = "<group>";
		};
		61157F42259D54FD00D953D9 = {
			isa = PBXGroup;
			children = (
				61157F4D259D54FD00D953D9 /* KeyFinderNative */,
				61157F63259D54FE00D953D9 /* KeyFinderNativeTests */,
				61157F4C259D54FD00D953D9 /* Products */,
				6109AC582774E78D0056D433 /* Frameworks */,
			);
			sourceTree = "<group>";
		};
		61157F4C259D54FD00D953D9 /* Products */ = {
			isa = PBXGroup;
			children = (
				61157F4B259D54FD00D953D9 /* KeyFinder.app */,
				61157F60259D54FE00D953D9 /* KeyFinderNativeTests.xctest */,
			);
			name = Products;
			sourceTree = "<group>";
		};
		61157F4D259D54FD00D953D9 /* KeyFinderNative */ = {
			isa = PBXGroup;
			children = (
				61157F4E259D54FD00D953D9 /* AppDelegate.swift */,
				619E9B2F2773A9D3004A7233 /* KeyFinderNative-Bridging-Header.h */,
				6116B0392773F4AD0042B65F /* Logic */,
				6116B03A2773F57A0042B65F /* View Models */,
				6116B0372773F4750042B65F /* Views */,
				6116B0382773F4840042B65F /* Helpers */,
				61157F52259D54FE00D953D9 /* Assets.xcassets */,
				61157F57259D54FE00D953D9 /* Main.storyboard */,
				61157F5A259D54FE00D953D9 /* Info.plist */,
				61157F5B259D54FE00D953D9 /* KeyFinderNative.entitlements */,
			);
			path = KeyFinderNative;
			sourceTree = "<group>";
		};
		61157F63259D54FE00D953D9 /* KeyFinderNativeTests */ = {
			isa = PBXGroup;
			children = (
				61157F64259D54FE00D953D9 /* FourierTransformerTests.swift */,
				61122845259ECEDD00681ED5 /* TestHelpers.swift */,
				61157F66259D54FE00D953D9 /* Info.plist */,
			);
			path = KeyFinderNativeTests;
			sourceTree = "<group>";
		};
		6116B0372773F4750042B65F /* Views */ = {
			isa = PBXGroup;
			children = (
				61157F50259D54FD00D953D9 /* ContentView.swift */,
				6116B0352773F4250042B65F /* SongListView.swift */,
				614B6BBD25C7492B00655B73 /* PreferencesView.swift */,
				61A21212277B88B100395680 /* ScrollingTableView.swift */,
				61A21214277B897D00395680 /* TableViewController.swift */,
				61A21216277B8D3800395680 /* WrappedTableViewController.swift */,
			);
			path = Views;
			sourceTree = "<group>";
		};
		6116B0382773F4840042B65F /* Helpers */ = {
			isa = PBXGroup;
			children = (
				61DAA14925AA90F500512FE9 /* Droppable.swift */,
				61A21218277BE42D00395680 /* EnumElementIndex.swift */,
				61A2121B277CFCFF00395680 /* ResourcePool.swift */,
				61A2121D277CFE5500395680 /* Singleton.swift */,
			);
			path = Helpers;
			sourceTree = "<group>";
		};
		6116B0392773F4AD0042B65F /* Logic */ = {
			isa = PBXGroup;
			children = (
				61122855259FCEB600681ED5 /* Constants.swift */,
				61A6868825A1328E00056181 /* Toolbox.swift */,
				6185A63925D9F7C800AC4152 /* Preferences.swift */,
				61A6868425A12F7000056181 /* Decoder.swift */,
				61A6869225A137B300056181 /* Classifier.swift */,
				61122849259ECFAB00681ED5 /* FourierTransform.swift */,
				61A6868E25A1369F00056181 /* SpectrumAnalyser.swift */,
				61122851259FCE0100681ED5 /* ChromaTransform.swift */,
				6112285D259FDF7400681ED5 /* ToneProfile.swift */,
				61A0244425A17A2E0082C4C3 /* Tagger.swift */,
				6109AC5D2774E7D10056D433 /* TagLibWrapper.h */,
				6109AC5E2774E7D10056D433 /* TagLibWrapper.mm */,
			);
			path = Logic;
			sourceTree = "<group>";
		};
		6116B03A2773F57A0042B65F /* View Models */ = {
			isa = PBXGroup;
			children = (
				6109AC552774E6DA0056D433 /* SongListViewModel.swift */,
				6109AC542774E6DA0056D433 /* SongViewModel.swift */,
				61909579277E46B10035B05C /* SongViewModel+Differentiable.swift */,
			);
			path = "View Models";
			sourceTree = "<group>";
		};
/* End PBXGroup section */

/* Begin PBXNativeTarget section */
		61157F4A259D54FD00D953D9 /* KeyFinder */ = {
			isa = PBXNativeTarget;
			buildConfigurationList = 61157F69259D54FE00D953D9 /* Build configuration list for PBXNativeTarget "KeyFinder" */;
			buildPhases = (
				614590DD259DA36D00D74FB2 /* ShellScript */,
				61157F47259D54FD00D953D9 /* Sources */,
				61157F48259D54FD00D953D9 /* Frameworks */,
				61157F49259D54FD00D953D9 /* Resources */,
				619E9B2C2773A8DB004A7233 /* ShellScript */,
				6109AC5B2774E78D0056D433 /* Embed Frameworks */,
			);
			buildRules = (
			);
			dependencies = (
			);
			name = KeyFinder;
			productName = KeyFinderNative;
			productReference = 61157F4B259D54FD00D953D9 /* KeyFinder.app */;
			productType = "com.apple.product-type.application";
		};
		61157F5F259D54FE00D953D9 /* KeyFinderNativeTests */ = {
			isa = PBXNativeTarget;
			buildConfigurationList = 61157F6C259D54FE00D953D9 /* Build configuration list for PBXNativeTarget "KeyFinderNativeTests" */;
			buildPhases = (
				61157F5C259D54FE00D953D9 /* Sources */,
				61157F5D259D54FE00D953D9 /* Frameworks */,
				61157F5E259D54FE00D953D9 /* Resources */,
			);
			buildRules = (
			);
			dependencies = (
				61157F62259D54FE00D953D9 /* PBXTargetDependency */,
			);
			name = KeyFinderNativeTests;
			productName = KeyFinderNativeTests;
			productReference = 61157F60259D54FE00D953D9 /* KeyFinderNativeTests.xctest */;
			productType = "com.apple.product-type.bundle.unit-test";
		};
/* End PBXNativeTarget section */

/* Begin PBXProject section */
		61157F43259D54FD00D953D9 /* Project object */ = {
			isa = PBXProject;
			attributes = {
				LastSwiftUpdateCheck = 1120;
				LastUpgradeCheck = 1230;
				ORGANIZATIONNAME = "Ibrahim Sha'ath";
				TargetAttributes = {
					61157F4A259D54FD00D953D9 = {
						CreatedOnToolsVersion = 11.2.1;
						LastSwiftMigration = 1320;
					};
					61157F5F259D54FE00D953D9 = {
						CreatedOnToolsVersion = 11.2.1;
						TestTargetID = 61157F4A259D54FD00D953D9;
					};
				};
			};
			buildConfigurationList = 61157F46259D54FD00D953D9 /* Build configuration list for PBXProject "KeyFinderNative" */;
			compatibilityVersion = "Xcode 9.3";
			developmentRegion = en;
			hasScannedForEncodings = 0;
			knownRegions = (
				en,
				Base,
			);
			mainGroup = 61157F42259D54FD00D953D9;
			productRefGroup = 61157F4C259D54FD00D953D9 /* Products */;
			projectDirPath = "";
			projectRoot = "";
			targets = (
				61157F4A259D54FD00D953D9 /* KeyFinder */,
				61157F5F259D54FE00D953D9 /* KeyFinderNativeTests */,
			);
		};
/* End PBXProject section */

/* Begin PBXResourcesBuildPhase section */
		61157F49259D54FD00D953D9 /* Resources */ = {
			isa = PBXResourcesBuildPhase;
			buildActionMask = 2147483647;
			files = (
				61157F59259D54FE00D953D9 /* Main.storyboard in Resources */,
				61157F53259D54FE00D953D9 /* Assets.xcassets in Resources */,
			);
			runOnlyForDeploymentPostprocessing = 0;
		};
		61157F5E259D54FE00D953D9 /* Resources */ = {
			isa = PBXResourcesBuildPhase;
			buildActionMask = 2147483647;
			files = (
			);
			runOnlyForDeploymentPostprocessing = 0;
		};
/* End PBXResourcesBuildPhase section */

/* Begin PBXShellScriptBuildPhase section */
		614590DD259DA36D00D74FB2 /* ShellScript */ = {
			isa = PBXShellScriptBuildPhase;
			buildActionMask = 2147483647;
			files = (
			);
			inputFileListPaths = (
			);
			inputPaths = (
			);
			outputFileListPaths = (
			);
			outputPaths = (
			);
			runOnlyForDeploymentPostprocessing = 0;
			shellPath = /bin/sh;
			shellScript = "if which swiftlint >/dev/null; then\n  swiftlint\nelse\n  echo \"warning: SwiftLint not installed, download from https://github.com/realm/SwiftLint\"\nfi\n";
		};
		619E9B2C2773A8DB004A7233 /* ShellScript */ = {
			isa = PBXShellScriptBuildPhase;
			buildActionMask = 2147483647;
			files = (
			);
			inputFileListPaths = (
			);
			inputPaths = (
				"$(SRCROOT)/Carthage/Build/Mac/TagLib.framework",
			);
			outputFileListPaths = (
			);
			outputPaths = (
				"$(BUILT_PROJECTS)/$(FRAMEWORKS_FOLDER_PATH)/TagLib.framework",
			);
			runOnlyForDeploymentPostprocessing = 0;
			shellPath = /bin/sh;
			shellScript = "/usr/local/bin/carthage copy-frameworks\n";
		};
/* End PBXShellScriptBuildPhase section */

/* Begin PBXSourcesBuildPhase section */
		61157F47259D54FD00D953D9 /* Sources */ = {
			isa = PBXSourcesBuildPhase;
			buildActionMask = 2147483647;
			files = (
				61A6869325A137B300056181 /* Classifier.swift in Sources */,
				61A21215277B897D00395680 /* TableViewController.swift in Sources */,
				61A21213277B88B100395680 /* ScrollingTableView.swift in Sources */,
				61122856259FCEB600681ED5 /* Constants.swift in Sources */,
				6185A63A25D9F7C800AC4152 /* Preferences.swift in Sources */,
				61157F51259D54FD00D953D9 /* ContentView.swift in Sources */,
				61157F4F259D54FD00D953D9 /* AppDelegate.swift in Sources */,
				61122852259FCE0100681ED5 /* ChromaTransform.swift in Sources */,
				6116B0362773F4250042B65F /* SongListView.swift in Sources */,
				61A6868925A1328E00056181 /* Toolbox.swift in Sources */,
				61A2121C277CFCFF00395680 /* ResourcePool.swift in Sources */,
				61A0244525A17A2E0082C4C3 /* Tagger.swift in Sources */,
				61DAA14A25AA90F500512FE9 /* Droppable.swift in Sources */,
				61A2121E277CFE5500395680 /* Singleton.swift in Sources */,
				6109AC562774E6DA0056D433 /* SongViewModel.swift in Sources */,
				61A6868F25A1369F00056181 /* SpectrumAnalyser.swift in Sources */,
				6112285E259FDF7400681ED5 /* ToneProfile.swift in Sources */,
				61A21217277B8D3800395680 /* WrappedTableViewController.swift in Sources */,
				61A6868525A12F7000056181 /* Decoder.swift in Sources */,
				6190957A277E46B10035B05C /* SongViewModel+Differentiable.swift in Sources */,
				6109AC572774E6DA0056D433 /* SongListViewModel.swift in Sources */,
				6112284A259ECFAB00681ED5 /* FourierTransform.swift in Sources */,
				6109AC602774E7D10056D433 /* TagLibWrapper.mm in Sources */,
				61A21219277BE42D00395680 /* EnumElementIndex.swift in Sources */,
				614B6BBE25C7492B00655B73 /* PreferencesView.swift in Sources */,
			);
			runOnlyForDeploymentPostprocessing = 0;
		};
		61157F5C259D54FE00D953D9 /* Sources */ = {
			isa = PBXSourcesBuildPhase;
			buildActionMask = 2147483647;
			files = (
				61157F65259D54FE00D953D9 /* FourierTransformerTests.swift in Sources */,
				61122846259ECEDD00681ED5 /* TestHelpers.swift in Sources */,
			);
			runOnlyForDeploymentPostprocessing = 0;
		};
/* End PBXSourcesBuildPhase section */

/* Begin PBXTargetDependency section */
		61157F62259D54FE00D953D9 /* PBXTargetDependency */ = {
			isa = PBXTargetDependency;
			target = 61157F4A259D54FD00D953D9 /* KeyFinder */;
			targetProxy = 61157F61259D54FE00D953D9 /* PBXContainerItemProxy */;
		};
/* End PBXTargetDependency section */

/* Begin PBXVariantGroup section */
		61157F57259D54FE00D953D9 /* Main.storyboard */ = {
			isa = PBXVariantGroup;
			children = (
				61157F58259D54FE00D953D9 /* Base */,
			);
			name = Main.storyboard;
			sourceTree = "<group>";
		};
/* End PBXVariantGroup section */

/* Begin XCBuildConfiguration section */
		61157F67259D54FE00D953D9 /* Debug */ = {
			isa = XCBuildConfiguration;
			buildSettings = {
				ALWAYS_SEARCH_USER_PATHS = NO;
				CLANG_ANALYZER_NONNULL = YES;
				CLANG_ANALYZER_NUMBER_OBJECT_CONVERSION = YES_AGGRESSIVE;
				CLANG_CXX_LANGUAGE_STANDARD = "gnu++14";
				CLANG_CXX_LIBRARY = "libc++";
				CLANG_ENABLE_MODULES = YES;
				CLANG_ENABLE_OBJC_ARC = YES;
				CLANG_ENABLE_OBJC_WEAK = YES;
				CLANG_WARN_BLOCK_CAPTURE_AUTORELEASING = YES;
				CLANG_WARN_BOOL_CONVERSION = YES;
				CLANG_WARN_COMMA = YES;
				CLANG_WARN_CONSTANT_CONVERSION = YES;
				CLANG_WARN_DEPRECATED_OBJC_IMPLEMENTATIONS = YES;
				CLANG_WARN_DIRECT_OBJC_ISA_USAGE = YES_ERROR;
				CLANG_WARN_DOCUMENTATION_COMMENTS = YES;
				CLANG_WARN_EMPTY_BODY = YES;
				CLANG_WARN_ENUM_CONVERSION = YES;
				CLANG_WARN_INFINITE_RECURSION = YES;
				CLANG_WARN_INT_CONVERSION = YES;
				CLANG_WARN_NON_LITERAL_NULL_CONVERSION = YES;
				CLANG_WARN_OBJC_IMPLICIT_RETAIN_SELF = YES;
				CLANG_WARN_OBJC_LITERAL_CONVERSION = YES;
				CLANG_WARN_OBJC_ROOT_CLASS = YES_ERROR;
				CLANG_WARN_QUOTED_INCLUDE_IN_FRAMEWORK_HEADER = YES;
				CLANG_WARN_RANGE_LOOP_ANALYSIS = YES;
				CLANG_WARN_STRICT_PROTOTYPES = YES;
				CLANG_WARN_SUSPICIOUS_MOVE = YES;
				CLANG_WARN_UNGUARDED_AVAILABILITY = YES_AGGRESSIVE;
				CLANG_WARN_UNREACHABLE_CODE = YES;
				CLANG_WARN__DUPLICATE_METHOD_MATCH = YES;
				COPY_PHASE_STRIP = NO;
				DEBUG_INFORMATION_FORMAT = dwarf;
				ENABLE_STRICT_OBJC_MSGSEND = YES;
				ENABLE_TESTABILITY = YES;
				GCC_C_LANGUAGE_STANDARD = gnu11;
				GCC_DYNAMIC_NO_PIC = NO;
				GCC_NO_COMMON_BLOCKS = YES;
				GCC_OPTIMIZATION_LEVEL = 0;
				GCC_PREPROCESSOR_DEFINITIONS = (
					"DEBUG=1",
					"$(inherited)",
				);
				GCC_WARN_64_TO_32_BIT_CONVERSION = YES;
				GCC_WARN_ABOUT_RETURN_TYPE = YES_ERROR;
				GCC_WARN_UNDECLARED_SELECTOR = YES;
				GCC_WARN_UNINITIALIZED_AUTOS = YES_AGGRESSIVE;
				GCC_WARN_UNUSED_FUNCTION = YES;
				GCC_WARN_UNUSED_VARIABLE = YES;
				MACOSX_DEPLOYMENT_TARGET = 10.15;
				MTL_ENABLE_DEBUG_INFO = INCLUDE_SOURCE;
				MTL_FAST_MATH = YES;
				ONLY_ACTIVE_ARCH = YES;
				SDKROOT = macosx;
				SWIFT_ACTIVE_COMPILATION_CONDITIONS = DEBUG;
				SWIFT_OPTIMIZATION_LEVEL = "-Onone";
			};
			name = Debug;
		};
		61157F68259D54FE00D953D9 /* Release */ = {
			isa = XCBuildConfiguration;
			buildSettings = {
				ALWAYS_SEARCH_USER_PATHS = NO;
				CLANG_ANALYZER_NONNULL = YES;
				CLANG_ANALYZER_NUMBER_OBJECT_CONVERSION = YES_AGGRESSIVE;
				CLANG_CXX_LANGUAGE_STANDARD = "gnu++14";
				CLANG_CXX_LIBRARY = "libc++";
				CLANG_ENABLE_MODULES = YES;
				CLANG_ENABLE_OBJC_ARC = YES;
				CLANG_ENABLE_OBJC_WEAK = YES;
				CLANG_WARN_BLOCK_CAPTURE_AUTORELEASING = YES;
				CLANG_WARN_BOOL_CONVERSION = YES;
				CLANG_WARN_COMMA = YES;
				CLANG_WARN_CONSTANT_CONVERSION = YES;
				CLANG_WARN_DEPRECATED_OBJC_IMPLEMENTATIONS = YES;
				CLANG_WARN_DIRECT_OBJC_ISA_USAGE = YES_ERROR;
				CLANG_WARN_DOCUMENTATION_COMMENTS = YES;
				CLANG_WARN_EMPTY_BODY = YES;
				CLANG_WARN_ENUM_CONVERSION = YES;
				CLANG_WARN_INFINITE_RECURSION = YES;
				CLANG_WARN_INT_CONVERSION = YES;
				CLANG_WARN_NON_LITERAL_NULL_CONVERSION = YES;
				CLANG_WARN_OBJC_IMPLICIT_RETAIN_SELF = YES;
				CLANG_WARN_OBJC_LITERAL_CONVERSION = YES;
				CLANG_WARN_OBJC_ROOT_CLASS = YES_ERROR;
				CLANG_WARN_QUOTED_INCLUDE_IN_FRAMEWORK_HEADER = YES;
				CLANG_WARN_RANGE_LOOP_ANALYSIS = YES;
				CLANG_WARN_STRICT_PROTOTYPES = YES;
				CLANG_WARN_SUSPICIOUS_MOVE = YES;
				CLANG_WARN_UNGUARDED_AVAILABILITY = YES_AGGRESSIVE;
				CLANG_WARN_UNREACHABLE_CODE = YES;
				CLANG_WARN__DUPLICATE_METHOD_MATCH = YES;
				COPY_PHASE_STRIP = NO;
				DEBUG_INFORMATION_FORMAT = "dwarf-with-dsym";
				ENABLE_NS_ASSERTIONS = NO;
				ENABLE_STRICT_OBJC_MSGSEND = YES;
				GCC_C_LANGUAGE_STANDARD = gnu11;
				GCC_NO_COMMON_BLOCKS = YES;
				GCC_WARN_64_TO_32_BIT_CONVERSION = YES;
				GCC_WARN_ABOUT_RETURN_TYPE = YES_ERROR;
				GCC_WARN_UNDECLARED_SELECTOR = YES;
				GCC_WARN_UNINITIALIZED_AUTOS = YES_AGGRESSIVE;
				GCC_WARN_UNUSED_FUNCTION = YES;
				GCC_WARN_UNUSED_VARIABLE = YES;
				MACOSX_DEPLOYMENT_TARGET = 10.15;
				MTL_ENABLE_DEBUG_INFO = NO;
				MTL_FAST_MATH = YES;
				SDKROOT = macosx;
				SWIFT_COMPILATION_MODE = wholemodule;
				SWIFT_OPTIMIZATION_LEVEL = "-O";
			};
			name = Release;
		};
		61157F6A259D54FE00D953D9 /* Debug */ = {
			isa = XCBuildConfiguration;
			buildSettings = {
				ASSETCATALOG_COMPILER_APPICON_NAME = AppIcon;
				CLANG_ENABLE_MODULES = YES;
				CODE_SIGN_ENTITLEMENTS = KeyFinderNative/KeyFinderNative.entitlements;
				CODE_SIGN_IDENTITY = "Apple Development";
				CODE_SIGN_STYLE = Automatic;
				COMBINE_HIDPI_IMAGES = YES;
				DEVELOPMENT_ASSET_PATHS = "";
				DEVELOPMENT_TEAM = UUSBU2VG2P;
				ENABLE_HARDENED_RUNTIME = YES;
				ENABLE_PREVIEWS = YES;
				FRAMEWORK_SEARCH_PATHS = (
					"$(inherited)",
					"$(PROJECT_DIR)/Carthage/Build/Mac",
				);
				INFOPLIST_FILE = KeyFinderNative/Info.plist;
				LD_RUNPATH_SEARCH_PATHS = (
					"$(inherited)",
					"@executable_path/../Frameworks",
				);
				MACOSX_DEPLOYMENT_TARGET = 10.15;
				MARKETING_VERSION = 2.5;
				PRODUCT_BUNDLE_IDENTIFIER = uk.co.ibrahimshaath.KeyFinder;
				PRODUCT_NAME = "$(TARGET_NAME)";
				PROVISIONING_PROFILE_SPECIFIER = "";
				SWIFT_OBJC_BRIDGING_HEADER = "KeyFinderNative/KeyFinderNative-Bridging-Header.h";
				SWIFT_OPTIMIZATION_LEVEL = "-Onone";
				SWIFT_VERSION = 5.0;
			};
			name = Debug;
		};
		61157F6B259D54FE00D953D9 /* Release */ = {
			isa = XCBuildConfiguration;
			buildSettings = {
				ASSETCATALOG_COMPILER_APPICON_NAME = AppIcon;
				CLANG_ENABLE_MODULES = YES;
				CODE_SIGN_ENTITLEMENTS = KeyFinderNative/KeyFinderNative.entitlements;
				CODE_SIGN_IDENTITY = "Apple Development";
				CODE_SIGN_STYLE = Automatic;
				COMBINE_HIDPI_IMAGES = YES;
				DEVELOPMENT_ASSET_PATHS = "";
				DEVELOPMENT_TEAM = UUSBU2VG2P;
				ENABLE_HARDENED_RUNTIME = YES;
				ENABLE_PREVIEWS = YES;
				FRAMEWORK_SEARCH_PATHS = (
					"$(inherited)",
					"$(PROJECT_DIR)/Carthage/Build/Mac",
				);
				INFOPLIST_FILE = KeyFinderNative/Info.plist;
				LD_RUNPATH_SEARCH_PATHS = (
					"$(inherited)",
					"@executable_path/../Frameworks",
				);
				MACOSX_DEPLOYMENT_TARGET = 10.15;
				MARKETING_VERSION = 2.5;
				PRODUCT_BUNDLE_IDENTIFIER = uk.co.ibrahimshaath.KeyFinder;
				PRODUCT_NAME = "$(TARGET_NAME)";
				PROVISIONING_PROFILE_SPECIFIER = "";
				SWIFT_OBJC_BRIDGING_HEADER = "KeyFinderNative/KeyFinderNative-Bridging-Header.h";
				SWIFT_VERSION = 5.0;
			};
			name = Release;
		};
		61157F6D259D54FE00D953D9 /* Debug */ = {
			isa = XCBuildConfiguration;
			buildSettings = {
				ALWAYS_EMBED_SWIFT_STANDARD_LIBRARIES = YES;
				BUNDLE_LOADER = "$(TEST_HOST)";
				CODE_SIGN_STYLE = Automatic;
				COMBINE_HIDPI_IMAGES = YES;
				DEVELOPMENT_TEAM = UUSBU2VG2P;
				INFOPLIST_FILE = KeyFinderNativeTests/Info.plist;
				LD_RUNPATH_SEARCH_PATHS = (
					"$(inherited)",
					"@executable_path/../Frameworks",
					"@loader_path/../Frameworks",
				);
				MACOSX_DEPLOYMENT_TARGET = 10.15;
				PRODUCT_BUNDLE_IDENTIFIER = uk.co.ibrahimshaath.KeyFinderNativeTests;
				PRODUCT_NAME = "$(TARGET_NAME)";
				SWIFT_VERSION = 5.0;
				TEST_HOST = "$(BUILT_PRODUCTS_DIR)/KeyFinderNative.app/Contents/MacOS/KeyFinderNative";
			};
			name = Debug;
		};
		61157F6E259D54FE00D953D9 /* Release */ = {
			isa = XCBuildConfiguration;
			buildSettings = {
				ALWAYS_EMBED_SWIFT_STANDARD_LIBRARIES = YES;
				BUNDLE_LOADER = "$(TEST_HOST)";
				CODE_SIGN_STYLE = Automatic;
				COMBINE_HIDPI_IMAGES = YES;
				DEVELOPMENT_TEAM = UUSBU2VG2P;
				INFOPLIST_FILE = KeyFinderNativeTests/Info.plist;
				LD_RUNPATH_SEARCH_PATHS = (
					"$(inherited)",
					"@executable_path/../Frameworks",
					"@loader_path/../Frameworks",
				);
				MACOSX_DEPLOYMENT_TARGET = 10.15;
				PRODUCT_BUNDLE_IDENTIFIER = uk.co.ibrahimshaath.KeyFinderNativeTests;
				PRODUCT_NAME = "$(TARGET_NAME)";
				SWIFT_VERSION = 5.0;
				TEST_HOST = "$(BUILT_PRODUCTS_DIR)/KeyFinderNative.app/Contents/MacOS/KeyFinderNative";
			};
			name = Release;
		};
/* End XCBuildConfiguration section */

/* Begin XCConfigurationList section */
		61157F46259D54FD00D953D9 /* Build configuration list for PBXProject "KeyFinderNative" */ = {
			isa = XCConfigurationList;
			buildConfigurations = (
				61157F67259D54FE00D953D9 /* Debug */,
				61157F68259D54FE00D953D9 /* Release */,
			);
			defaultConfigurationIsVisible = 0;
			defaultConfigurationName = Release;
		};
		61157F69259D54FE00D953D9 /* Build configuration list for PBXNativeTarget "KeyFinder" */ = {
			isa = XCConfigurationList;
			buildConfigurations = (
				61157F6A259D54FE00D953D9 /* Debug */,
				61157F6B259D54FE00D953D9 /* Release */,
			);
			defaultConfigurationIsVisible = 0;
			defaultConfigurationName = Release;
		};
		61157F6C259D54FE00D953D9 /* Build configuration list for PBXNativeTarget "KeyFinderNativeTests" */ = {
			isa = XCConfigurationList;
			buildConfigurations = (
				61157F6D259D54FE00D953D9 /* Debug */,
				61157F6E259D54FE00D953D9 /* Release */,
			);
			defaultConfigurationIsVisible = 0;
			defaultConfigurationName = Release;
		};
/* End XCConfigurationList section */
	};
	rootObject = 61157F43259D54FD00D953D9 /* Project object */;
}
